github.com/fzipp/oberon v0.3.0 h1:SLiLumqPHoK3XDRgMnNEZ0a13h8VgHcWazbePLRU2QY=
github.com/fzipp/oberon v0.3.0/go.mod h1:oYuMFsCTnNCKtYbC9RLFixf1sBXBjrXZ3V0bAOnCBLU=
github.com/veandco/go-sdl2 v0.4.21 h1:85AtFYv3vSPZvyOOxkJ03sHoJe8ESjPSZLr0KueQtVY=
github.com/veandco/go-sdl2 v0.4.21/go.mod h1:OROqMhHD43nT4/i9crJukyVecjPNYYuCofep6SNiAjY=
